
Microsoft Visual Studio Solution File, Format Version 12.00
# Visual Studio 15
VisualStudioVersion = 15.0.27428.2043
MinimumVisualStudioVersion = 10.0.40219.1
Project("{9A19103F-16F7-4668-BE54-9A1E7A4F7556}") = "nikstra.CoreShopping.Web", "nikstra.CoreShopping.Web\nikstra.CoreShopping.Web.csproj", "{24FE17E8-A95F-4BF7-ADA8-5248ABBA043B}"
EndProject
Project("{9A19103F-16F7-4668-BE54-9A1E7A4F7556}") = "nikstra.CoreShopping.Core", "nikstra.CoreShopping.Core\nikstra.CoreShopping.Core.csproj", "{AD71DDAB-988C-4C31-8916-A03C57670C12}"
EndProject
Project("{9A19103F-16F7-4668-BE54-9A1E7A4F7556}") = "nikstra.CoreShopping.Service", "nikstra.CoreShopping.Service\nikstra.CoreShopping.Service.csproj", "{A44DE362-3782-431F-B081-084A2B67E657}"
EndProject
Project("{9A19103F-16F7-4668-BE54-9A1E7A4F7556}") = "nikstra.CoreShopping.Service.Tests", "nikstra.CoreShopping.Service.Tests\nikstra.CoreShopping.Service.Tests.csproj", "{A94B304B-68AB-43A1-803B-261307098123}"
EndProject
Project("{9A19103F-16F7-4668-BE54-9A1E7A4F7556}") = "nikstra.CoreShopping.Core.Tests", "nikstra.CoreShopping.Core.Tests\nikstra.CoreShopping.Core.Tests.csproj", "{2EC6558B-912D-43AB-8AA8-9282193AF9C4}"
EndProject
Project("{9A19103F-16F7-4668-BE54-9A1E7A4F7556}") = "nikstra.CoreShopping.Web.Tests", "nikstra.CoreShopping.Web.Tests\nikstra.CoreShopping.Web.Tests.csproj", "{9F4910D4-8F1E-4F4A-A9B4-B765111A277A}"
EndProject
Project("{2150E333-8FDC-42A3-9474-1A3956D46DE8}") = "Src", "Src", "{DDFE7391-D679-48A0-B430-C7B0A2B72E09}"
EndProject
Project("{2150E333-8FDC-42A3-9474-1A3956D46DE8}") = "Tests", "Tests", "{29A8CA2C-D714-4D52-8257-F437BF421995}"
EndProject
Global
	GlobalSection(SolutionConfigurationPlatforms) = preSolution
		Debug|Any CPU = Debug|Any CPU
		Release|Any CPU = Release|Any CPU
	EndGlobalSection
	GlobalSection(ProjectConfigurationPlatforms) = postSolution
		{24FE17E8-A95F-4BF7-ADA8-5248ABBA043B}.Debug|Any CPU.ActiveCfg = Debug|Any CPU
		{24FE17E8-A95F-4BF7-ADA8-5248ABBA043B}.Debug|Any CPU.Build.0 = Debug|Any CPU
		{24FE17E8-A95F-4BF7-ADA8-5248ABBA043B}.Release|Any CPU.ActiveCfg = Release|Any CPU
		{24FE17E8-A95F-4BF7-ADA8-5248ABBA043B}.Release|Any CPU.Build.0 = Release|Any CPU
		{AD71DDAB-988C-4C31-8916-A03C57670C12}.Debug|Any CPU.ActiveCfg = Debug|Any CPU
		{AD71DDAB-988C-4C31-8916-A03C57670C12}.Debug|Any CPU.Build.0 = Debug|Any CPU
		{AD71DDAB-988C-4C31-8916-A03C57670C12}.Release|Any CPU.ActiveCfg = Release|Any CPU
		{AD71DDAB-988C-4C31-8916-A03C57670C12}.Release|Any CPU.Build.0 = Release|Any CPU
		{A44DE362-3782-431F-B081-084A2B67E657}.Debug|Any CPU.ActiveCfg = Debug|Any CPU
		{A44DE362-3782-431F-B081-084A2B67E657}.Debug|Any CPU.Build.0 = Debug|Any CPU
		{A44DE362-3782-431F-B081-084A2B67E657}.Release|Any CPU.ActiveCfg = Release|Any CPU
		{A44DE362-3782-431F-B081-084A2B67E657}.Release|Any CPU.Build.0 = Release|Any CPU
		{A94B304B-68AB-43A1-803B-261307098123}.Debug|Any CPU.ActiveCfg = Debug|Any CPU
		{A94B304B-68AB-43A1-803B-261307098123}.Debug|Any CPU.Build.0 = Debug|Any CPU
		{A94B304B-68AB-43A1-803B-261307098123}.Release|Any CPU.ActiveCfg = Release|Any CPU
		{A94B304B-68AB-43A1-803B-261307098123}.Release|Any CPU.Build.0 = Release|Any CPU
		{2EC6558B-912D-43AB-8AA8-9282193AF9C4}.Debug|Any CPU.ActiveCfg = Debug|Any CPU
		{2EC6558B-912D-43AB-8AA8-9282193AF9C4}.Debug|Any CPU.Build.0 = Debug|Any CPU
		{2EC6558B-912D-43AB-8AA8-9282193AF9C4}.Release|Any CPU.ActiveCfg = Release|Any CPU
		{2EC6558B-912D-43AB-8AA8-9282193AF9C4}.Release|Any CPU.Build.0 = Release|Any CPU
		{9F4910D4-8F1E-4F4A-A9B4-B765111A277A}.Debug|Any CPU.ActiveCfg = Debug|Any CPU
		{9F4910D4-8F1E-4F4A-A9B4-B765111A277A}.Debug|Any CPU.Build.0 = Debug|Any CPU
		{9F4910D4-8F1E-4F4A-A9B4-B765111A277A}.Release|Any CPU.ActiveCfg = Release|Any CPU
		{9F4910D4-8F1E-4F4A-A9B4-B765111A277A}.Release|Any CPU.Build.0 = Release|Any CPU
	EndGlobalSection
	GlobalSection(SolutionProperties) = preSolution
		HideSolutionNode = FALSE
	EndGlobalSection
	GlobalSection(NestedProjects) = preSolution
		{24FE17E8-A95F-4BF7-ADA8-5248ABBA043B} = {DDFE7391-D679-48A0-B430-C7B0A2B72E09}
		{AD71DDAB-988C-4C31-8916-A03C57670C12} = {DDFE7391-D679-48A0-B430-C7B0A2B72E09}
		{A44DE362-3782-431F-B081-084A2B67E657} = {DDFE7391-D679-48A0-B430-C7B0A2B72E09}
		{A94B304B-68AB-43A1-803B-261307098123} = {29A8CA2C-D714-4D52-8257-F437BF421995}
		{2EC6558B-912D-43AB-8AA8-9282193AF9C4} = {29A8CA2C-D714-4D52-8257-F437BF421995}
		{9F4910D4-8F1E-4F4A-A9B4-B765111A277A} = {29A8CA2C-D714-4D52-8257-F437BF421995}
	EndGlobalSection
	GlobalSection(ExtensibilityGlobals) = postSolution
		SolutionGuid = {44B4B3C7-BD5D-48EB-B3FB-D939C46273EC}
	EndGlobalSection
EndGlobal
